// !$*UTF8*$!
{
	archiveVersion = 1;
	classes = {
	};
	objectVersion = 46;
	objects = {

/* Begin PBXBuildFile section */
		3A94A2571EF448A600AA7279 /* AppDelegate.swift in Sources */ = {isa = PBXBuildFile; fileRef = 3A94A2561EF448A600AA7279 /* AppDelegate.swift */; };
		3A94A25C1EF448A600AA7279 /* Main.storyboard in Resources */ = {isa = PBXBuildFile; fileRef = 3A94A25A1EF448A600AA7279 /* Main.storyboard */; };
		3A94A25E1EF448A600AA7279 /* Assets.xcassets in Resources */ = {isa = PBXBuildFile; fileRef = 3A94A25D1EF448A600AA7279 /* Assets.xcassets */; };
		3A94A2611EF448A600AA7279 /* LaunchScreen.storyboard in Resources */ = {isa = PBXBuildFile; fileRef = 3A94A25F1EF448A600AA7279 /* LaunchScreen.storyboard */; };
		3A94A26A1EF44AB900AA7279 /* NYTMovieReviewsViewController.swift in Sources */ = {isa = PBXBuildFile; fileRef = 3A94A2691EF44AB900AA7279 /* NYTMovieReviewsViewController.swift */; };
		3A94A26C1EF44B5100AA7279 /* CriticTableViewCell.swift in Sources */ = {isa = PBXBuildFile; fileRef = 3A94A26B1EF44B5100AA7279 /* CriticTableViewCell.swift */; };
		3A94A2701EF44BC200AA7279 /* APIRequestManager.swift in Sources */ = {isa = PBXBuildFile; fileRef = 3A94A26F1EF44BC200AA7279 /* APIRequestManager.swift */; };
		3A94A2751EF44F9800AA7279 /* Critic.swift in Sources */ = {isa = PBXBuildFile; fileRef = 3A94A2741EF44F9800AA7279 /* Critic.swift */; };
		3A94A2771EF44FAF00AA7279 /* Review.swift in Sources */ = {isa = PBXBuildFile; fileRef = 3A94A2761EF44FAF00AA7279 /* Review.swift */; };
		3A94A27A1EF45B2100AA7279 /* Image.swift in Sources */ = {isa = PBXBuildFile; fileRef = 3A94A2791EF45B2100AA7279 /* Image.swift */; };
		3A94A27C1EF479F300AA7279 /* MovieReviewCollectionViewCell.swift in Sources */ = {isa = PBXBuildFile; fileRef = 3A94A27B1EF479F300AA7279 /* MovieReviewCollectionViewCell.swift */; };
		3AE171581EF5BFC700CE3454 /* ReviewImage.swift in Sources */ = {isa = PBXBuildFile; fileRef = 3AE171571EF5BFC700CE3454 /* ReviewImage.swift */; };
		3AE1715A1EF5C22000CE3454 /* ReviewDetailsViewController.swift in Sources */ = {isa = PBXBuildFile; fileRef = 3AE171591EF5C22000CE3454 /* ReviewDetailsViewController.swift */; };
/* End PBXBuildFile section */

/* Begin PBXFileReference section */
		3A94A2531EF448A600AA7279 /* AC-iOS-NYTMovieReviews.app */ = {isa = PBXFileReference; explicitFileType = wrapper.application; includeInIndex = 0; path = "AC-iOS-NYTMovieReviews.app"; sourceTree = BUILT_PRODUCTS_DIR; };
		3A94A2561EF448A600AA7279 /* AppDelegate.swift */ = {isa = PBXFileReference; lastKnownFileType = sourcecode.swift; path = AppDelegate.swift; sourceTree = "<group>"; };
		3A94A25B1EF448A600AA7279 /* Base */ = {isa = PBXFileReference; lastKnownFileType = file.storyboard; name = Base; path = Base.lproj/Main.storyboard; sourceTree = "<group>"; };
		3A94A25D1EF448A600AA7279 /* Assets.xcassets */ = {isa = PBXFileReference; lastKnownFileType = folder.assetcatalog; path = Assets.xcassets; sourceTree = "<group>"; };
		3A94A2601EF448A600AA7279 /* Base */ = {isa = PBXFileReference; lastKnownFileType = file.storyboard; name = Base; path = Base.lproj/LaunchScreen.storyboard; sourceTree = "<group>"; };
		3A94A2621EF448A600AA7279 /* Info.plist */ = {isa = PBXFileReference; lastKnownFileType = text.plist.xml; path = Info.plist; sourceTree = "<group>"; };
		3A94A2691EF44AB900AA7279 /* NYTMovieReviewsViewController.swift */ = {isa = PBXFileReference; fileEncoding = 4; lastKnownFileType = sourcecode.swift; path = NYTMovieReviewsViewController.swift; sourceTree = "<group>"; };
		3A94A26B1EF44B5100AA7279 /* CriticTableViewCell.swift */ = {isa = PBXFileReference; fileEncoding = 4; lastKnownFileType = sourcecode.swift; path = CriticTableViewCell.swift; sourceTree = "<group>"; };
		3A94A26F1EF44BC200AA7279 /* APIRequestManager.swift */ = {isa = PBXFileReference; fileEncoding = 4; lastKnownFileType = sourcecode.swift; path = APIRequestManager.swift; sourceTree = "<group>"; };
		3A94A2741EF44F9800AA7279 /* Critic.swift */ = {isa = PBXFileReference; fileEncoding = 4; lastKnownFileType = sourcecode.swift; path = Critic.swift; sourceTree = "<group>"; };
		3A94A2761EF44FAF00AA7279 /* Review.swift */ = {isa = PBXFileReference; fileEncoding = 4; lastKnownFileType = sourcecode.swift; name = Review.swift; path = ../Review.swift; sourceTree = "<group>"; };
		3A94A2791EF45B2100AA7279 /* Image.swift */ = {isa = PBXFileReference; fileEncoding = 4; lastKnownFileType = sourcecode.swift; path = Image.swift; sourceTree = "<group>"; };
		3A94A27B1EF479F300AA7279 /* MovieReviewCollectionViewCell.swift */ = {isa = PBXFileReference; fileEncoding = 4; lastKnownFileType = sourcecode.swift; path = MovieReviewCollectionViewCell.swift; sourceTree = "<group>"; };
		3AE171571EF5BFC700CE3454 /* ReviewImage.swift */ = {isa = PBXFileReference; fileEncoding = 4; lastKnownFileType = sourcecode.swift; path = ReviewImage.swift; sourceTree = "<group>"; };
		3AE171591EF5C22000CE3454 /* ReviewDetailsViewController.swift */ = {isa = PBXFileReference; fileEncoding = 4; lastKnownFileType = sourcecode.swift; path = ReviewDetailsViewController.swift; sourceTree = "<group>"; };
/* End PBXFileReference section */

/* Begin PBXFrameworksBuildPhase section */
		3A94A2501EF448A600AA7279 /* Frameworks */ = {
			isa = PBXFrameworksBuildPhase;
			buildActionMask = 2147483647;
			files = (
			);
			runOnlyForDeploymentPostprocessing = 0;
		};
/* End PBXFrameworksBuildPhase section */

/* Begin PBXGroup section */
		3A94A24A1EF448A600AA7279 = {
			isa = PBXGroup;
			children = (
				3A94A2551EF448A600AA7279 /* AC-iOS-NYTMovieReviews */,
				3A94A2541EF448A600AA7279 /* Products */,
			);
			sourceTree = "<group>";
		};
		3A94A2541EF448A600AA7279 /* Products */ = {
			isa = PBXGroup;
			children = (
				3A94A2531EF448A600AA7279 /* AC-iOS-NYTMovieReviews.app */,
			);
			name = Products;
			sourceTree = "<group>";
		};
		3A94A2551EF448A600AA7279 /* AC-iOS-NYTMovieReviews */ = {
			isa = PBXGroup;
			children = (
				3A94A2781EF44FD100AA7279 /* Models */,
				3A94A2731EF44C5600AA7279 /* Controllers */,
				3A94A2721EF44C4F00AA7279 /* Views */,
				3A94A2711EF44C3C00AA7279 /* Networking */,
				3A94A2681EF4494000AA7279 /* Supporting Files */,
			);
			path = "AC-iOS-NYTMovieReviews";
			sourceTree = "<group>";
		};
		3A94A2681EF4494000AA7279 /* Supporting Files */ = {
			isa = PBXGroup;
			children = (
				3A94A2561EF448A600AA7279 /* AppDelegate.swift */,
				3A94A25A1EF448A600AA7279 /* Main.storyboard */,
				3A94A25D1EF448A600AA7279 /* Assets.xcassets */,
				3A94A25F1EF448A600AA7279 /* LaunchScreen.storyboard */,
				3A94A2621EF448A600AA7279 /* Info.plist */,
			);
			name = "Supporting Files";
			sourceTree = "<group>";
		};
		3A94A2711EF44C3C00AA7279 /* Networking */ = {
			isa = PBXGroup;
			children = (
				3A94A26F1EF44BC200AA7279 /* APIRequestManager.swift */,
			);
			name = Networking;
			sourceTree = "<group>";
		};
		3A94A2721EF44C4F00AA7279 /* Views */ = {
			isa = PBXGroup;
			children = (
				3A94A27B1EF479F300AA7279 /* MovieReviewCollectionViewCell.swift */,
				3A94A26B1EF44B5100AA7279 /* CriticTableViewCell.swift */,
			);
			name = Views;
			sourceTree = "<group>";
		};
		3A94A2731EF44C5600AA7279 /* Controllers */ = {
			isa = PBXGroup;
			children = (
				3A94A2691EF44AB900AA7279 /* NYTMovieReviewsViewController.swift */,
				3AE171591EF5C22000CE3454 /* ReviewDetailsViewController.swift */,
			);
			name = Controllers;
			sourceTree = "<group>";
		};
		3A94A2781EF44FD100AA7279 /* Models */ = {
			isa = PBXGroup;
			children = (
				3AE171571EF5BFC700CE3454 /* ReviewImage.swift */,
				3A94A2761EF44FAF00AA7279 /* Review.swift */,
				3A94A2741EF44F9800AA7279 /* Critic.swift */,
				3A94A2791EF45B2100AA7279 /* Image.swift */,
			);
			name = Models;
			sourceTree = "<group>";
		};
/* End PBXGroup section */

/* Begin PBXNativeTarget section */
		3A94A2521EF448A600AA7279 /* AC-iOS-NYTMovieReviews */ = {
			isa = PBXNativeTarget;
			buildConfigurationList = 3A94A2651EF448A600AA7279 /* Build configuration list for PBXNativeTarget "AC-iOS-NYTMovieReviews" */;
			buildPhases = (
				3A94A24F1EF448A600AA7279 /* Sources */,
				3A94A2501EF448A600AA7279 /* Frameworks */,
				3A94A2511EF448A600AA7279 /* Resources */,
			);
			buildRules = (
			);
			dependencies = (
			);
			name = "AC-iOS-NYTMovieReviews";
			productName = "AC-iOS-NYTMovieReviews";
			productReference = 3A94A2531EF448A600AA7279 /* AC-iOS-NYTMovieReviews.app */;
			productType = "com.apple.product-type.application";
		};
/* End PBXNativeTarget section */

/* Begin PBXProject section */
		3A94A24B1EF448A600AA7279 /* Project object */ = {
			isa = PBXProject;
			attributes = {
				LastSwiftUpdateCheck = 0800;
				LastUpgradeCheck = 0800;
				ORGANIZATIONNAME = C4Q;
				TargetAttributes = {
					3A94A2521EF448A600AA7279 = {
						CreatedOnToolsVersion = 8.0;
						ProvisioningStyle = Automatic;
					};
				};
			};
			buildConfigurationList = 3A94A24E1EF448A600AA7279 /* Build configuration list for PBXProject "AC-iOS-NYTMovieReviews" */;
			compatibilityVersion = "Xcode 3.2";
			developmentRegion = English;
			hasScannedForEncodings = 0;
			knownRegions = (
				en,
				Base,
			);
			mainGroup = 3A94A24A1EF448A600AA7279;
			productRefGroup = 3A94A2541EF448A600AA7279 /* Products */;
			projectDirPath = "";
			projectRoot = "";
			targets = (
				3A94A2521EF448A600AA7279 /* AC-iOS-NYTMovieReviews */,
			);
		};
/* End PBXProject section */

/* Begin PBXResourcesBuildPhase section */
		3A94A2511EF448A600AA7279 /* Resources */ = {
			isa = PBXResourcesBuildPhase;
			buildActionMask = 2147483647;
			files = (
				3A94A2611EF448A600AA7279 /* LaunchScreen.storyboard in Resources */,
				3A94A25E1EF448A600AA7279 /* Assets.xcassets in Resources */,
				3A94A25C1EF448A600AA7279 /* Main.storyboard in Resources */,
			);
			runOnlyForDeploymentPostprocessing = 0;
		};
/* End PBXResourcesBuildPhase section */

/* Begin PBXSourcesBuildPhase section */
		3A94A24F1EF448A600AA7279 /* Sources */ = {
			isa = PBXSourcesBuildPhase;
			buildActionMask = 2147483647;
			files = (
				3A94A26A1EF44AB900AA7279 /* NYTMovieReviewsViewController.swift in Sources */,
				3AE1715A1EF5C22000CE3454 /* ReviewDetailsViewController.swift in Sources */,
				3AE171581EF5BFC700CE3454 /* ReviewImage.swift in Sources */,
				3A94A27A1EF45B2100AA7279 /* Image.swift in Sources */,
				3A94A2571EF448A600AA7279 /* AppDelegate.swift in Sources */,
				3A94A2771EF44FAF00AA7279 /* Review.swift in Sources */,
				3A94A2701EF44BC200AA7279 /* APIRequestManager.swift in Sources */,
				3A94A26C1EF44B5100AA7279 /* CriticTableViewCell.swift in Sources */,
				3A94A2751EF44F9800AA7279 /* Critic.swift in Sources */,
				3A94A27C1EF479F300AA7279 /* MovieReviewCollectionViewCell.swift in Sources */,
			);
			runOnlyForDeploymentPostprocessing = 0;
		};
/* End PBXSourcesBuildPhase section */

/* Begin PBXVariantGroup section */
		3A94A25A1EF448A600AA7279 /* Main.storyboard */ = {
			isa = PBXVariantGroup;
			children = (
				3A94A25B1EF448A600AA7279 /* Base */,
			);
			name = Main.storyboard;
			sourceTree = "<group>";
		};
		3A94A25F1EF448A600AA7279 /* LaunchScreen.storyboard */ = {
			isa = PBXVariantGroup;
			children = (
				3A94A2601EF448A600AA7279 /* Base */,
			);
			name = LaunchScreen.storyboard;
			sourceTree = "<group>";
		};
/* End PBXVariantGroup section */

/* Begin XCBuildConfiguration section */
		3A94A2631EF448A600AA7279 /* Debug */ = {
			isa = XCBuildConfiguration;
			buildSettings = {
				ALWAYS_SEARCH_USER_PATHS = NO;
				CLANG_ANALYZER_NONNULL = YES;
				CLANG_CXX_LANGUAGE_STANDARD = "gnu++0x";
				CLANG_CXX_LIBRARY = "libc++";
				CLANG_ENABLE_MODULES = YES;
				CLANG_ENABLE_OBJC_ARC = YES;
				CLANG_WARN_BOOL_CONVERSION = YES;
				CLANG_WARN_CONSTANT_CONVERSION = YES;
				CLANG_WARN_DIRECT_OBJC_ISA_USAGE = YES_ERROR;
				CLANG_WARN_DOCUMENTATION_COMMENTS = YES;
				CLANG_WARN_EMPTY_BODY = YES;
				CLANG_WARN_ENUM_CONVERSION = YES;
				CLANG_WARN_INFINITE_RECURSION = YES;
				CLANG_WARN_INT_CONVERSION = YES;
				CLANG_WARN_OBJC_ROOT_CLASS = YES_ERROR;
				CLANG_WARN_SUSPICIOUS_MOVES = YES;
				CLANG_WARN_UNREACHABLE_CODE = YES;
				CLANG_WARN__DUPLICATE_METHOD_MATCH = YES;
				"CODE_SIGN_IDENTITY[sdk=iphoneos*]" = "iPhone Developer";
				COPY_PHASE_STRIP = NO;
				DEBUG_INFORMATION_FORMAT = dwarf;
				ENABLE_STRICT_OBJC_MSGSEND = YES;
				ENABLE_TESTABILITY = YES;
				GCC_C_LANGUAGE_STANDARD = gnu99;
				GCC_DYNAMIC_NO_PIC = NO;
				GCC_NO_COMMON_BLOCKS = YES;
				GCC_OPTIMIZATION_LEVEL = 0;
				GCC_PREPROCESSOR_DEFINITIONS = (
					"DEBUG=1",
					"$(inherited)",
				);
				GCC_WARN_64_TO_32_BIT_CONVERSION = YES;
				GCC_WARN_ABOUT_RETURN_TYPE = YES_ERROR;
				GCC_WARN_UNDECLARED_SELECTOR = YES;
				GCC_WARN_UNINITIALIZED_AUTOS = YES_AGGRESSIVE;
				GCC_WARN_UNUSED_FUNCTION = YES;
				GCC_WARN_UNUSED_VARIABLE = YES;
				IPHONEOS_DEPLOYMENT_TARGET = 10.0;
				MTL_ENABLE_DEBUG_INFO = YES;
				ONLY_ACTIVE_ARCH = YES;
				SDKROOT = iphoneos;
				SWIFT_ACTIVE_COMPILATION_CONDITIONS = DEBUG;
				SWIFT_OPTIMIZATION_LEVEL = "-Onone";
				TARGETED_DEVICE_FAMILY = "1,2";
			};
			name = Debug;
		};
		3A94A2641EF448A600AA7279 /* Release */ = {
			isa = XCBuildConfiguration;
			buildSettings = {
				ALWAYS_SEARCH_USER_PATHS = NO;
				CLANG_ANALYZER_NONNULL = YES;
				CLANG_CXX_LANGUAGE_STANDARD = "gnu++0x";
				CLANG_CXX_LIBRARY = "libc++";
				CLANG_ENABLE_MODULES = YES;
				CLANG_ENABLE_OBJC_ARC = YES;
				CLANG_WARN_BOOL_CONVERSION = YES;
				CLANG_WARN_CONSTANT_CONVERSION = YES;
				CLANG_WARN_DIRECT_OBJC_ISA_USAGE = YES_ERROR;
				CLANG_WARN_DOCUMENTATION_COMMENTS = YES;
				CLANG_WARN_EMPTY_BODY = YES;
				CLANG_WARN_ENUM_CONVERSION = YES;
				CLANG_WARN_INFINITE_RECURSION = YES;
				CLANG_WARN_INT_CONVERSION = YES;
				CLANG_WARN_OBJC_ROOT_CLASS = YES_ERROR;
				CLANG_WARN_SUSPICIOUS_MOVES = YES;
				CLANG_WARN_UNREACHABLE_CODE = YES;
				CLANG_WARN__DUPLICATE_METHOD_MATCH = YES;
				"CODE_SIGN_IDENTITY[sdk=iphoneos*]" = "iPhone Developer";
				COPY_PHASE_STRIP = NO;
				DEBUG_INFORMATION_FORMAT = "dwarf-with-dsym";
				ENABLE_NS_ASSERTIONS = NO;
				ENABLE_STRICT_OBJC_MSGSEND = YES;
				GCC_C_LANGUAGE_STANDARD = gnu99;
				GCC_NO_COMMON_BLOCKS = YES;
				GCC_WARN_64_TO_32_BIT_CONVERSION = YES;
				GCC_WARN_ABOUT_RETURN_TYPE = YES_ERROR;
				GCC_WARN_UNDECLARED_SELECTOR = YES;
				GCC_WARN_UNINITIALIZED_AUTOS = YES_AGGRESSIVE;
				GCC_WARN_UNUSED_FUNCTION = YES;
				GCC_WARN_UNUSED_VARIABLE = YES;
				IPHONEOS_DEPLOYMENT_TARGET = 10.0;
				MTL_ENABLE_DEBUG_INFO = NO;
				SDKROOT = iphoneos;
				SWIFT_OPTIMIZATION_LEVEL = "-Owholemodule";
				TARGETED_DEVICE_FAMILY = "1,2";
				VALIDATE_PRODUCT = YES;
			};
			name = Release;
		};
		3A94A2661EF448A600AA7279 /* Debug */ = {
			isa = XCBuildConfiguration;
			buildSettings = {
				ASSETCATALOG_COMPILER_APPICON_NAME = AppIcon;
				INFOPLIST_FILE = "AC-iOS-NYTMovieReviews/Info.plist";
				LD_RUNPATH_SEARCH_PATHS = "$(inherited) @executable_path/Frameworks";
				PRODUCT_BUNDLE_IDENTIFIER = "nyc.c4q.AC-iOS-NYTMovieReviews";
				PRODUCT_NAME = "$(TARGET_NAME)";
				SWIFT_VERSION = 3.0;
			};
			name = Debug;
		};
		3A94A2671EF448A600AA7279 /* Release */ = {
			isa = XCBuildConfiguration;
			buildSettings = {
				ASSETCATALOG_COMPILER_APPICON_NAME = AppIcon;
				INFOPLIST_FILE = "AC-iOS-NYTMovieReviews/Info.plist";
				LD_RUNPATH_SEARCH_PATHS = "$(inherited) @executable_path/Frameworks";
				PRODUCT_BUNDLE_IDENTIFIER = "nyc.c4q.AC-iOS-NYTMovieReviews";
				PRODUCT_NAME = "$(TARGET_NAME)";
				SWIFT_VERSION = 3.0;
			};
			name = Release;
		};
/* End XCBuildConfiguration section */

/* Begin XCConfigurationList section */
		3A94A24E1EF448A600AA7279 /* Build configuration list for PBXProject "AC-iOS-NYTMovieReviews" */ = {
			isa = XCConfigurationList;
			buildConfigurations = (
				3A94A2631EF448A600AA7279 /* Debug */,
				3A94A2641EF448A600AA7279 /* Release */,
			);
			defaultConfigurationIsVisible = 0;
			defaultConfigurationName = Release;
		};
		3A94A2651EF448A600AA7279 /* Build configuration list for PBXNativeTarget "AC-iOS-NYTMovieReviews" */ = {
			isa = XCConfigurationList;
			buildConfigurations = (
				3A94A2661EF448A600AA7279 /* Debug */,
				3A94A2671EF448A600AA7279 /* Release */,
			);
			defaultConfigurationIsVisible = 0;
			defaultConfigurationName = Release;
		};
/* End XCConfigurationList section */
	};
	rootObject = 3A94A24B1EF448A600AA7279 /* Project object */;
}
